
Microsoft Visual Studio Solution File, Format Version 12.00
# Visual Studio 15
VisualStudioVersion = 15.0.27703.2000
MinimumVisualStudioVersion = 10.0.40219.1
Project("{FAE04EC0-301F-11D3-BF4B-00C04F79EFBC}") = "CashReconciliation.Core", "CashReconciliation.Core\CashReconciliation.Core.csproj", "{2740FB8D-7602-4449-802E-056A61CE9EC8}"
EndProject
Project("{FAE04EC0-301F-11D3-BF4B-00C04F79EFBC}") = "CashReconciliation.Data", "CashReconciliation.Data\CashReconciliation.Data.csproj", "{9DB684B0-538F-474C-9FA1-CF00BCE6A85F}"
EndProject
Project("{FAE04EC0-301F-11D3-BF4B-00C04F79EFBC}") = "CashReconciliation.Data.Implementation", "CashReconciliation.Data.Implementation\CashReconciliation.Data.Implementation.csproj", "{B9FB5F64-5DEF-4E70-83F6-10107505CF16}"
EndProject
Project("{FAE04EC0-301F-11D3-BF4B-00C04F79EFBC}") = "CashReconciliation.Implementation", "CashReconciliation.Implementation\CashReconciliation.Implementation.csproj", "{2DAA5E27-BFAB-4F05-9444-59A62AC6A86E}"
EndProject
Global
	GlobalSection(SolutionConfigurationPlatforms) = preSolution
		Debug|Any CPU = Debug|Any CPU
		Release|Any CPU = Release|Any CPU
	EndGlobalSection
	GlobalSection(ProjectConfigurationPlatforms) = postSolution
		{2740FB8D-7602-4449-802E-056A61CE9EC8}.Debug|Any CPU.ActiveCfg = Debug|Any CPU
		{2740FB8D-7602-4449-802E-056A61CE9EC8}.Debug|Any CPU.Build.0 = Debug|Any CPU
		{2740FB8D-7602-4449-802E-056A61CE9EC8}.Release|Any CPU.ActiveCfg = Release|Any CPU
		{2740FB8D-7602-4449-802E-056A61CE9EC8}.Release|Any CPU.Build.0 = Release|Any CPU
		{9DB684B0-538F-474C-9FA1-CF00BCE6A85F}.Debug|Any CPU.ActiveCfg = Debug|Any CPU
		{9DB684B0-538F-474C-9FA1-CF00BCE6A85F}.Debug|Any CPU.Build.0 = Debug|Any CPU
		{9DB684B0-538F-474C-9FA1-CF00BCE6A85F}.Release|Any CPU.ActiveCfg = Release|Any CPU
		{9DB684B0-538F-474C-9FA1-CF00BCE6A85F}.Release|Any CPU.Build.0 = Release|Any CPU
		{B9FB5F64-5DEF-4E70-83F6-10107505CF16}.Debug|Any CPU.ActiveCfg = Debug|Any CPU
		{B9FB5F64-5DEF-4E70-83F6-10107505CF16}.Debug|Any CPU.Build.0 = Debug|Any CPU
		{B9FB5F64-5DEF-4E70-83F6-10107505CF16}.Release|Any CPU.ActiveCfg = Release|Any CPU
		{B9FB5F64-5DEF-4E70-83F6-10107505CF16}.Release|Any CPU.Build.0 = Release|Any CPU
		{2DAA5E27-BFAB-4F05-9444-59A62AC6A86E}.Debug|Any CPU.ActiveCfg = Debug|Any CPU
		{2DAA5E27-BFAB-4F05-9444-59A62AC6A86E}.Debug|Any CPU.Build.0 = Debug|Any CPU
		{2DAA5E27-BFAB-4F05-9444-59A62AC6A86E}.Release|Any CPU.ActiveCfg = Release|Any CPU
		{2DAA5E27-BFAB-4F05-9444-59A62AC6A86E}.Release|Any CPU.Build.0 = Release|Any CPU
	EndGlobalSection
	GlobalSection(SolutionProperties) = preSolution
		HideSolutionNode = FALSE
	EndGlobalSection
	GlobalSection(ExtensibilityGlobals) = postSolution
		SolutionGuid = {4D64D5C7-A923-4BBC-AE7B-2AEBBEA8B0FB}
	EndGlobalSection
EndGlobal
