
Microsoft Visual Studio Solution File, Format Version 12.00
# Visual Studio 15
VisualStudioVersion = 15.0.27703.2026
MinimumVisualStudioVersion = 10.0.40219.1
Project("{FAE04EC0-301F-11D3-BF4B-00C04F79EFBC}") = "CashReconciliation.Data", "CashReconciliation.Data\CashReconciliation.Data.csproj", "{615665DF-33CB-414A-B1FA-0A4B6CCDA85A}"
EndProject
Project("{FAE04EC0-301F-11D3-BF4B-00C04F79EFBC}") = "CashReconciliation.Core", "CashReconciliation.Core\CashReconciliation.Core.csproj", "{0E24A305-F57A-44AC-9337-089498744F64}"
EndProject
Project("{FAE04EC0-301F-11D3-BF4B-00C04F79EFBC}") = "CashReconciliation.WPF", "CashReconciliation.WPF\CashReconciliation.WPF.csproj", "{25586D63-DAFF-4376-910A-4DFF51758242}"
EndProject
Global
	GlobalSection(SolutionConfigurationPlatforms) = preSolution
		Debug|Any CPU = Debug|Any CPU
		Release|Any CPU = Release|Any CPU
	EndGlobalSection
	GlobalSection(ProjectConfigurationPlatforms) = postSolution
		{615665DF-33CB-414A-B1FA-0A4B6CCDA85A}.Debug|Any CPU.ActiveCfg = Debug|Any CPU
		{615665DF-33CB-414A-B1FA-0A4B6CCDA85A}.Debug|Any CPU.Build.0 = Debug|Any CPU
		{615665DF-33CB-414A-B1FA-0A4B6CCDA85A}.Release|Any CPU.ActiveCfg = Release|Any CPU
		{615665DF-33CB-414A-B1FA-0A4B6CCDA85A}.Release|Any CPU.Build.0 = Release|Any CPU
		{0E24A305-F57A-44AC-9337-089498744F64}.Debug|Any CPU.ActiveCfg = Debug|Any CPU
		{0E24A305-F57A-44AC-9337-089498744F64}.Debug|Any CPU.Build.0 = Debug|Any CPU
		{0E24A305-F57A-44AC-9337-089498744F64}.Release|Any CPU.ActiveCfg = Release|Any CPU
		{0E24A305-F57A-44AC-9337-089498744F64}.Release|Any CPU.Build.0 = Release|Any CPU
		{25586D63-DAFF-4376-910A-4DFF51758242}.Debug|Any CPU.ActiveCfg = Debug|Any CPU
		{25586D63-DAFF-4376-910A-4DFF51758242}.Debug|Any CPU.Build.0 = Debug|Any CPU
		{25586D63-DAFF-4376-910A-4DFF51758242}.Release|Any CPU.ActiveCfg = Release|Any CPU
		{25586D63-DAFF-4376-910A-4DFF51758242}.Release|Any CPU.Build.0 = Release|Any CPU
	EndGlobalSection
	GlobalSection(SolutionProperties) = preSolution
		HideSolutionNode = FALSE
	EndGlobalSection
	GlobalSection(ExtensibilityGlobals) = postSolution
		SolutionGuid = {FC63844E-E9BE-4872-ACE8-B8504A551CE8}
	EndGlobalSection
EndGlobal
